
Microsoft Visual Studio Solution File, Format Version 12.00
# Visual Studio 15
VisualStudioVersion = 15.0.28307.489
MinimumVisualStudioVersion = 10.0.40219.1
Project("{FAE04EC0-301F-11D3-BF4B-00C04F79EFBC}") = "PhoneBook", "PhoneBook\PhoneBook.csproj", "{EDCCE8B3-5DA9-4041-BD65-E0B987745E38}"
EndProject
Global
	GlobalSection(SolutionConfigurationPlatforms) = preSolution
		Debug|Any CPU = Debug|Any CPU
		Release|Any CPU = Release|Any CPU
	EndGlobalSection
	GlobalSection(ProjectConfigurationPlatforms) = postSolution
		{EDCCE8B3-5DA9-4041-BD65-E0B987745E38}.Debug|Any CPU.ActiveCfg = Debug|Any CPU
		{EDCCE8B3-5DA9-4041-BD65-E0B987745E38}.Debug|Any CPU.Build.0 = Debug|Any CPU
		{EDCCE8B3-5DA9-4041-BD65-E0B987745E38}.Release|Any CPU.ActiveCfg = Release|Any CPU
		{EDCCE8B3-5DA9-4041-BD65-E0B987745E38}.Release|Any CPU.Build.0 = Release|Any CPU
	EndGlobalSection
	GlobalSection(SolutionProperties) = preSolution
		HideSolutionNode = FALSE
	EndGlobalSection
	GlobalSection(ExtensibilityGlobals) = postSolution
		SolutionGuid = {68CE4098-1930-48CC-A7BC-2D5CC93F45F2}
	EndGlobalSection
EndGlobal
